PODS:
  - FoursquareKit (1.0.0)
  - RxAtomic (4.4.1)
  - RxSwift (4.4.1):
    - RxAtomic (~> 4.4)
  - SDWebImage (4.4.5):
    - SDWebImage/Core (= 4.4.5)
  - SDWebImage/Core (4.4.5)
  - SwiftGen (6.1.0)
  - SwiftLint (0.30.1)
  - SwiftLocation (3.2.3):
    - SwiftyJSON (~> 4.0.0-alpha.1)
  - SwiftyJSON (4.0.0)

DEPENDENCIES:
  - FoursquareKit
  - RxSwift
  - SDWebImage
  - SwiftGen
  - SwiftLint
  - SwiftLocation

SPEC REPOS:
  https://github.com/cocoapods/specs.git:
    - FoursquareKit
    - RxAtomic
    - RxSwift
    - SDWebImage
    - SwiftGen
    - SwiftLint
    - SwiftLocation
    - SwiftyJSON

SPEC CHECKSUMS:
  FoursquareKit: d72b8634328d326cf962760c64a8ce5a6014f237
  RxAtomic: f8d6adc1ccb87a767811269e4875887bc74dbf19
  RxSwift: 92fcf68dfef21f3e2ab1965363d9e7b3d787597e
  SDWebImage: ecc03494e973b93b80213649d32175f8d2d17d4d
  SwiftGen: f872ca75cbd17bf7103c17f13dcfa0d9a15667b0
  SwiftLint: a54bf1fe12b55c68560eb2a7689dfc81458508f7
  SwiftLocation: a3c3bc2023118171ef3572188a31def94aa0892c
  SwiftyJSON: 070dabdcb1beb81b247c65ffa3a79dbbfb3b48aa

PODFILE CHECKSUM: c9ddb0785c5ee7dc6c8bb3889d3eb146fc0ae1b1

COCOAPODS: 1.5.3
