// !$*UTF8*$!
{
	archiveVersion = 1;
	classes = {
	};
	objectVersion = 50;
	objects = {

/* Begin PBXBuildFile section */
		16636A2F390AFAB15FA013E8 /* Pods_CoolRestaurantsTests.framework in Frameworks */ = {isa = PBXBuildFile; fileRef = 9F9F290A95CD51469AA0315A /* Pods_CoolRestaurantsTests.framework */; };
		2D566AD02224E11700507912 /* LocationRepository.swift in Sources */ = {isa = PBXBuildFile; fileRef = 2D566ACF2224E11700507912 /* LocationRepository.swift */; };
		2D566AD22224E19D00507912 /* LocationRepositoryImplementation.swift in Sources */ = {isa = PBXBuildFile; fileRef = 2D566AD12224E19D00507912 /* LocationRepositoryImplementation.swift */; };
		2D566AD42224F5CC00507912 /* MKCoordinateRegion+Extensions.swift in Sources */ = {isa = PBXBuildFile; fileRef = 2D566AD32224F5CC00507912 /* MKCoordinateRegion+Extensions.swift */; };
		2D8C3B3422242A440077AD51 /* AppDelegate.swift in Sources */ = {isa = PBXBuildFile; fileRef = 2D8C3B3322242A440077AD51 /* AppDelegate.swift */; };
		2D8C3B3B22242A450077AD51 /* Assets.xcassets in Resources */ = {isa = PBXBuildFile; fileRef = 2D8C3B3A22242A450077AD51 /* Assets.xcassets */; };
		2D8C3B3E22242A450077AD51 /* LaunchScreen.storyboard in Resources */ = {isa = PBXBuildFile; fileRef = 2D8C3B3C22242A450077AD51 /* LaunchScreen.storyboard */; };
		2D8C3B4922242A460077AD51 /* RestaurantRepositoryTests.swift in Sources */ = {isa = PBXBuildFile; fileRef = 2D8C3B4822242A460077AD51 /* RestaurantRepositoryTests.swift */; };
		2D8C3B5422242A460077AD51 /* RestaurantsMapViewTest.swift in Sources */ = {isa = PBXBuildFile; fileRef = 2D8C3B5322242A460077AD51 /* RestaurantsMapViewTest.swift */; };
		2D8C3B6922242BA20077AD51 /* RestaurantsMapViewController.swift in Sources */ = {isa = PBXBuildFile; fileRef = 2D8C3B6422242BA20077AD51 /* RestaurantsMapViewController.swift */; };
		2D8C3B6A22242BA20077AD51 /* RestaurantsMapPresenter.swift in Sources */ = {isa = PBXBuildFile; fileRef = 2D8C3B6522242BA20077AD51 /* RestaurantsMapPresenter.swift */; };
		2D8C3B6B22242BA20077AD51 /* RestaurantsMapViewController.xib in Resources */ = {isa = PBXBuildFile; fileRef = 2D8C3B6622242BA20077AD51 /* RestaurantsMapViewController.xib */; };
		2D8C3B6C22242BA20077AD51 /* RestaurantsMapCoordinator.swift in Sources */ = {isa = PBXBuildFile; fileRef = 2D8C3B6722242BA20077AD51 /* RestaurantsMapCoordinator.swift */; };
		2D8C3B6D22242BA20077AD51 /* RestaurantsMapContracts.swift in Sources */ = {isa = PBXBuildFile; fileRef = 2D8C3B6822242BA20077AD51 /* RestaurantsMapContracts.swift */; };
		2D8C3B7922242C350077AD51 /* RestaurantsDetailPresenter.swift in Sources */ = {isa = PBXBuildFile; fileRef = 2D8C3B7422242C350077AD51 /* RestaurantsDetailPresenter.swift */; };
		2D8C3B7A22242C350077AD51 /* RestaurantsDetailContracts.swift in Sources */ = {isa = PBXBuildFile; fileRef = 2D8C3B7522242C350077AD51 /* RestaurantsDetailContracts.swift */; };
		2D8C3B7B22242C350077AD51 /* RestaurantsDetailCoordinator.swift in Sources */ = {isa = PBXBuildFile; fileRef = 2D8C3B7622242C350077AD51 /* RestaurantsDetailCoordinator.swift */; };
		2D8C3B7C22242C350077AD51 /* RestaurantsDetailViewController.swift in Sources */ = {isa = PBXBuildFile; fileRef = 2D8C3B7722242C350077AD51 /* RestaurantsDetailViewController.swift */; };
		2D8C3B7D22242C350077AD51 /* RestaurantsDetailViewController.xib in Resources */ = {isa = PBXBuildFile; fileRef = 2D8C3B7822242C350077AD51 /* RestaurantsDetailViewController.xib */; };
		2D8C3B8B22242DC30077AD51 /* BaseContract.swift in Sources */ = {isa = PBXBuildFile; fileRef = 2D8C3B8622242DC30077AD51 /* BaseContract.swift */; };
		2D8C3B8C22242DC30077AD51 /* BasePresenter.swift in Sources */ = {isa = PBXBuildFile; fileRef = 2D8C3B8722242DC30077AD51 /* BasePresenter.swift */; };
		2D8C3B8D22242DC30077AD51 /* Coordinator.swift in Sources */ = {isa = PBXBuildFile; fileRef = 2D8C3B8822242DC30077AD51 /* Coordinator.swift */; };
		2D8C3B8E22242DC30077AD51 /* BaseCoordinator.swift in Sources */ = {isa = PBXBuildFile; fileRef = 2D8C3B8922242DC30077AD51 /* BaseCoordinator.swift */; };
		2D8C3B8F22242DC30077AD51 /* BaseViewController.swift in Sources */ = {isa = PBXBuildFile; fileRef = 2D8C3B8A22242DC30077AD51 /* BaseViewController.swift */; };
		2D8C3B9322242EEA0077AD51 /* AvoidingKeyboardConstraintProtocol.swift in Sources */ = {isa = PBXBuildFile; fileRef = 2D8C3B9222242EEA0077AD51 /* AvoidingKeyboardConstraintProtocol.swift */; };
		2D8C3B9622242F370077AD51 /* Theme.swift in Sources */ = {isa = PBXBuildFile; fileRef = 2D8C3B9522242F370077AD51 /* Theme.swift */; };
		2D8C3B9A222435E80077AD51 /* RepositoryInjection.swift in Sources */ = {isa = PBXBuildFile; fileRef = 2D8C3B97222435E70077AD51 /* RepositoryInjection.swift */; };
		2D8C3B9B222435E80077AD51 /* MockRestaurantRepositoryImplementation.swift in Sources */ = {isa = PBXBuildFile; fileRef = 2D8C3B98222435E70077AD51 /* MockRestaurantRepositoryImplementation.swift */; };
		2D8C3B9C222435E80077AD51 /* RestaurantRepository.swift in Sources */ = {isa = PBXBuildFile; fileRef = 2D8C3B99222435E70077AD51 /* RestaurantRepository.swift */; };
		2D8C3BA1222437010077AD51 /* Restuarant.swift in Sources */ = {isa = PBXBuildFile; fileRef = 2D8C3BA0222437010077AD51 /* Restuarant.swift */; };
		2D8C3BA322243A970077AD51 /* RestaurantRepositorryImplementation.swift in Sources */ = {isa = PBXBuildFile; fileRef = 2D8C3BA222243A970077AD51 /* RestaurantRepositorryImplementation.swift */; };
		2D8C3BA9222440940077AD51 /* Localizable.swift in Sources */ = {isa = PBXBuildFile; fileRef = 2D8C3BA8222440940077AD51 /* Localizable.swift */; };
		2D8C3BAC2224417F0077AD51 /* Localizable.strings in Resources */ = {isa = PBXBuildFile; fileRef = 2D8C3BAE2224417F0077AD51 /* Localizable.strings */; };
		2D8C3BB3222444260077AD51 /* Bundle+Extensions.swift in Sources */ = {isa = PBXBuildFile; fileRef = 2D8C3BB1222444260077AD51 /* Bundle+Extensions.swift */; };
		2D8C3BB4222444260077AD51 /* UIColor+Extensions.swift in Sources */ = {isa = PBXBuildFile; fileRef = 2D8C3BB2222444260077AD51 /* UIColor+Extensions.swift */; };
		2D8C3BB92224506F0077AD51 /* Localizable.swift in Sources */ = {isa = PBXBuildFile; fileRef = 2D8C3BA8222440940077AD51 /* Localizable.swift */; };
		2D8C3BBA222450D10077AD51 /* Localizable.strings in Resources */ = {isa = PBXBuildFile; fileRef = 2D8C3BAE2224417F0077AD51 /* Localizable.strings */; };
		9CCB36B5F03ADAF6201D169F /* Pods_CoolRestaurants.framework in Frameworks */ = {isa = PBXBuildFile; fileRef = 5BB3CC5ADBD2FCB6CBE7BAD7 /* Pods_CoolRestaurants.framework */; };
		EED5EB84457D52D44FA10427 /* Pods_CoolRestaurantsUITests.framework in Frameworks */ = {isa = PBXBuildFile; fileRef = 9CD195D6BB98305A8845F3EF /* Pods_CoolRestaurantsUITests.framework */; };
/* End PBXBuildFile section */

/* Begin PBXContainerItemProxy section */
		2D8C3B4522242A460077AD51 /* PBXContainerItemProxy */ = {
			isa = PBXContainerItemProxy;
			containerPortal = 2D8C3B2822242A440077AD51 /* Project object */;
			proxyType = 1;
			remoteGlobalIDString = 2D8C3B2F22242A440077AD51;
			remoteInfo = CoolRestaurants;
		};
		2D8C3B5022242A460077AD51 /* PBXContainerItemProxy */ = {
			isa = PBXContainerItemProxy;
			containerPortal = 2D8C3B2822242A440077AD51 /* Project object */;
			proxyType = 1;
			remoteGlobalIDString = 2D8C3B2F22242A440077AD51;
			remoteInfo = CoolRestaurants;
		};
/* End PBXContainerItemProxy section */

/* Begin PBXFileReference section */
		1649D5149B9D04348F46698F /* Pods-CoolRestaurants.mock.xcconfig */ = {isa = PBXFileReference; includeInIndex = 1; lastKnownFileType = text.xcconfig; name = "Pods-CoolRestaurants.mock.xcconfig"; path = "Pods/Target Support Files/Pods-CoolRestaurants/Pods-CoolRestaurants.mock.xcconfig"; sourceTree = "<group>"; };
		2CC1703018FC077004F98AB6 /* Pods-CoolRestaurantsUITests.mock.xcconfig */ = {isa = PBXFileReference; includeInIndex = 1; lastKnownFileType = text.xcconfig; name = "Pods-CoolRestaurantsUITests.mock.xcconfig"; path = "Pods/Target Support Files/Pods-CoolRestaurantsUITests/Pods-CoolRestaurantsUITests.mock.xcconfig"; sourceTree = "<group>"; };
		2D566ACF2224E11700507912 /* LocationRepository.swift */ = {isa = PBXFileReference; lastKnownFileType = sourcecode.swift; path = LocationRepository.swift; sourceTree = "<group>"; };
		2D566AD12224E19D00507912 /* LocationRepositoryImplementation.swift */ = {isa = PBXFileReference; lastKnownFileType = sourcecode.swift; path = LocationRepositoryImplementation.swift; sourceTree = "<group>"; };
		2D566AD32224F5CC00507912 /* MKCoordinateRegion+Extensions.swift */ = {isa = PBXFileReference; lastKnownFileType = sourcecode.swift; path = "MKCoordinateRegion+Extensions.swift"; sourceTree = "<group>"; };
		2D8C3B3022242A440077AD51 /* CoolRestaurants.app */ = {isa = PBXFileReference; explicitFileType = wrapper.application; includeInIndex = 0; path = CoolRestaurants.app; sourceTree = BUILT_PRODUCTS_DIR; };
		2D8C3B3322242A440077AD51 /* AppDelegate.swift */ = {isa = PBXFileReference; lastKnownFileType = sourcecode.swift; path = AppDelegate.swift; sourceTree = "<group>"; };
		2D8C3B3A22242A450077AD51 /* Assets.xcassets */ = {isa = PBXFileReference; lastKnownFileType = folder.assetcatalog; path = Assets.xcassets; sourceTree = "<group>"; };
		2D8C3B3D22242A450077AD51 /* Base */ = {isa = PBXFileReference; lastKnownFileType = file.storyboard; name = Base; path = Base.lproj/LaunchScreen.storyboard; sourceTree = "<group>"; };
		2D8C3B3F22242A450077AD51 /* Info.plist */ = {isa = PBXFileReference; lastKnownFileType = text.plist.xml; path = Info.plist; sourceTree = "<group>"; };
		2D8C3B4422242A460077AD51 /* CoolRestaurantsTests.xctest */ = {isa = PBXFileReference; explicitFileType = wrapper.cfbundle; includeInIndex = 0; path = CoolRestaurantsTests.xctest; sourceTree = BUILT_PRODUCTS_DIR; };
		2D8C3B4822242A460077AD51 /* RestaurantRepositoryTests.swift */ = {isa = PBXFileReference; lastKnownFileType = sourcecode.swift; path = RestaurantRepositoryTests.swift; sourceTree = "<group>"; };
		2D8C3B4A22242A460077AD51 /* Info.plist */ = {isa = PBXFileReference; lastKnownFileType = text.plist.xml; path = Info.plist; sourceTree = "<group>"; };
		2D8C3B4F22242A460077AD51 /* CoolRestaurantsUITests.xctest */ = {isa = PBXFileReference; explicitFileType = wrapper.cfbundle; includeInIndex = 0; path = CoolRestaurantsUITests.xctest; sourceTree = BUILT_PRODUCTS_DIR; };
		2D8C3B5322242A460077AD51 /* RestaurantsMapViewTest.swift */ = {isa = PBXFileReference; lastKnownFileType = sourcecode.swift; path = RestaurantsMapViewTest.swift; sourceTree = "<group>"; };
		2D8C3B5522242A460077AD51 /* Info.plist */ = {isa = PBXFileReference; lastKnownFileType = text.plist.xml; path = Info.plist; sourceTree = "<group>"; };
		2D8C3B6422242BA20077AD51 /* RestaurantsMapViewController.swift */ = {isa = PBXFileReference; fileEncoding = 4; lastKnownFileType = sourcecode.swift; path = RestaurantsMapViewController.swift; sourceTree = "<group>"; };
		2D8C3B6522242BA20077AD51 /* RestaurantsMapPresenter.swift */ = {isa = PBXFileReference; fileEncoding = 4; lastKnownFileType = sourcecode.swift; path = RestaurantsMapPresenter.swift; sourceTree = "<group>"; };
		2D8C3B6622242BA20077AD51 /* RestaurantsMapViewController.xib */ = {isa = PBXFileReference; fileEncoding = 4; lastKnownFileType = file.xib; path = RestaurantsMapViewController.xib; sourceTree = "<group>"; };
		2D8C3B6722242BA20077AD51 /* RestaurantsMapCoordinator.swift */ = {isa = PBXFileReference; fileEncoding = 4; lastKnownFileType = sourcecode.swift; path = RestaurantsMapCoordinator.swift; sourceTree = "<group>"; };
		2D8C3B6822242BA20077AD51 /* RestaurantsMapContracts.swift */ = {isa = PBXFileReference; fileEncoding = 4; lastKnownFileType = sourcecode.swift; path = RestaurantsMapContracts.swift; sourceTree = "<group>"; };
		2D8C3B7422242C350077AD51 /* RestaurantsDetailPresenter.swift */ = {isa = PBXFileReference; fileEncoding = 4; lastKnownFileType = sourcecode.swift; path = RestaurantsDetailPresenter.swift; sourceTree = "<group>"; };
		2D8C3B7522242C350077AD51 /* RestaurantsDetailContracts.swift */ = {isa = PBXFileReference; fileEncoding = 4; lastKnownFileType = sourcecode.swift; path = RestaurantsDetailContracts.swift; sourceTree = "<group>"; };
		2D8C3B7622242C350077AD51 /* RestaurantsDetailCoordinator.swift */ = {isa = PBXFileReference; fileEncoding = 4; lastKnownFileType = sourcecode.swift; path = RestaurantsDetailCoordinator.swift; sourceTree = "<group>"; };
		2D8C3B7722242C350077AD51 /* RestaurantsDetailViewController.swift */ = {isa = PBXFileReference; fileEncoding = 4; lastKnownFileType = sourcecode.swift; path = RestaurantsDetailViewController.swift; sourceTree = "<group>"; };
		2D8C3B7822242C350077AD51 /* RestaurantsDetailViewController.xib */ = {isa = PBXFileReference; fileEncoding = 4; lastKnownFileType = file.xib; path = RestaurantsDetailViewController.xib; sourceTree = "<group>"; };
		2D8C3B8622242DC30077AD51 /* BaseContract.swift */ = {isa = PBXFileReference; fileEncoding = 4; lastKnownFileType = sourcecode.swift; path = BaseContract.swift; sourceTree = "<group>"; };
		2D8C3B8722242DC30077AD51 /* BasePresenter.swift */ = {isa = PBXFileReference; fileEncoding = 4; lastKnownFileType = sourcecode.swift; path = BasePresenter.swift; sourceTree = "<group>"; };
		2D8C3B8822242DC30077AD51 /* Coordinator.swift */ = {isa = PBXFileReference; fileEncoding = 4; lastKnownFileType = sourcecode.swift; path = Coordinator.swift; sourceTree = "<group>"; };
		2D8C3B8922242DC30077AD51 /* BaseCoordinator.swift */ = {isa = PBXFileReference; fileEncoding = 4; lastKnownFileType = sourcecode.swift; path = BaseCoordinator.swift; sourceTree = "<group>"; };
		2D8C3B8A22242DC30077AD51 /* BaseViewController.swift */ = {isa = PBXFileReference; fileEncoding = 4; lastKnownFileType = sourcecode.swift; path = BaseViewController.swift; sourceTree = "<group>"; };
		2D8C3B9222242EEA0077AD51 /* AvoidingKeyboardConstraintProtocol.swift */ = {isa = PBXFileReference; lastKnownFileType = sourcecode.swift; path = AvoidingKeyboardConstraintProtocol.swift; sourceTree = "<group>"; };
		2D8C3B9522242F370077AD51 /* Theme.swift */ = {isa = PBXFileReference; lastKnownFileType = sourcecode.swift; path = Theme.swift; sourceTree = "<group>"; };
		2D8C3B97222435E70077AD51 /* RepositoryInjection.swift */ = {isa = PBXFileReference; fileEncoding = 4; lastKnownFileType = sourcecode.swift; path = RepositoryInjection.swift; sourceTree = "<group>"; };
		2D8C3B98222435E70077AD51 /* MockRestaurantRepositoryImplementation.swift */ = {isa = PBXFileReference; fileEncoding = 4; lastKnownFileType = sourcecode.swift; path = MockRestaurantRepositoryImplementation.swift; sourceTree = "<group>"; };
		2D8C3B99222435E70077AD51 /* RestaurantRepository.swift */ = {isa = PBXFileReference; fileEncoding = 4; lastKnownFileType = sourcecode.swift; path = RestaurantRepository.swift; sourceTree = "<group>"; };
		2D8C3BA0222437010077AD51 /* Restuarant.swift */ = {isa = PBXFileReference; lastKnownFileType = sourcecode.swift; path = Restuarant.swift; sourceTree = "<group>"; };
		2D8C3BA222243A970077AD51 /* RestaurantRepositorryImplementation.swift */ = {isa = PBXFileReference; lastKnownFileType = sourcecode.swift; path = RestaurantRepositorryImplementation.swift; sourceTree = "<group>"; };
		2D8C3BA8222440940077AD51 /* Localizable.swift */ = {isa = PBXFileReference; fileEncoding = 4; lastKnownFileType = sourcecode.swift; path = Localizable.swift; sourceTree = "<group>"; };
		2D8C3BAD2224417F0077AD51 /* en */ = {isa = PBXFileReference; lastKnownFileType = text.plist.strings; name = en; path = en.lproj/Localizable.strings; sourceTree = "<group>"; };
		2D8C3BAF222441940077AD51 /* nl */ = {isa = PBXFileReference; lastKnownFileType = text.plist.strings; name = nl; path = nl.lproj/Localizable.strings; sourceTree = "<group>"; };
		2D8C3BB1222444260077AD51 /* Bundle+Extensions.swift */ = {isa = PBXFileReference; fileEncoding = 4; lastKnownFileType = sourcecode.swift; path = "Bundle+Extensions.swift"; sourceTree = "<group>"; };
		2D8C3BB2222444260077AD51 /* UIColor+Extensions.swift */ = {isa = PBXFileReference; fileEncoding = 4; lastKnownFileType = sourcecode.swift; path = "UIColor+Extensions.swift"; sourceTree = "<group>"; };
		405CE8D90E1BED32026D71A9 /* Pods-CoolRestaurantsTests.debug.xcconfig */ = {isa = PBXFileReference; includeInIndex = 1; lastKnownFileType = text.xcconfig; name = "Pods-CoolRestaurantsTests.debug.xcconfig"; path = "Pods/Target Support Files/Pods-CoolRestaurantsTests/Pods-CoolRestaurantsTests.debug.xcconfig"; sourceTree = "<group>"; };
		5BB3CC5ADBD2FCB6CBE7BAD7 /* Pods_CoolRestaurants.framework */ = {isa = PBXFileReference; explicitFileType = wrapper.framework; includeInIndex = 0; path = Pods_CoolRestaurants.framework; sourceTree = BUILT_PRODUCTS_DIR; };
		5EF0F7CC92E0B238645C47F0 /* Pods-CoolRestaurants.release.xcconfig */ = {isa = PBXFileReference; includeInIndex = 1; lastKnownFileType = text.xcconfig; name = "Pods-CoolRestaurants.release.xcconfig"; path = "Pods/Target Support Files/Pods-CoolRestaurants/Pods-CoolRestaurants.release.xcconfig"; sourceTree = "<group>"; };
		980107C0252A5E4DD4ECF17E /* Pods-CoolRestaurantsTests.release.xcconfig */ = {isa = PBXFileReference; includeInIndex = 1; lastKnownFileType = text.xcconfig; name = "Pods-CoolRestaurantsTests.release.xcconfig"; path = "Pods/Target Support Files/Pods-CoolRestaurantsTests/Pods-CoolRestaurantsTests.release.xcconfig"; sourceTree = "<group>"; };
		9CD195D6BB98305A8845F3EF /* Pods_CoolRestaurantsUITests.framework */ = {isa = PBXFileReference; explicitFileType = wrapper.framework; includeInIndex = 0; path = Pods_CoolRestaurantsUITests.framework; sourceTree = BUILT_PRODUCTS_DIR; };
		9F9F290A95CD51469AA0315A /* Pods_CoolRestaurantsTests.framework */ = {isa = PBXFileReference; explicitFileType = wrapper.framework; includeInIndex = 0; path = Pods_CoolRestaurantsTests.framework; sourceTree = BUILT_PRODUCTS_DIR; };
		AE42C5B1878C34D63AFD1DEC /* Pods-CoolRestaurantsUITests.debug.xcconfig */ = {isa = PBXFileReference; includeInIndex = 1; lastKnownFileType = text.xcconfig; name = "Pods-CoolRestaurantsUITests.debug.xcconfig"; path = "Pods/Target Support Files/Pods-CoolRestaurantsUITests/Pods-CoolRestaurantsUITests.debug.xcconfig"; sourceTree = "<group>"; };
		AE4CF8232CAE862FAF885BC0 /* Pods-CoolRestaurantsTests.mock.xcconfig */ = {isa = PBXFileReference; includeInIndex = 1; lastKnownFileType = text.xcconfig; name = "Pods-CoolRestaurantsTests.mock.xcconfig"; path = "Pods/Target Support Files/Pods-CoolRestaurantsTests/Pods-CoolRestaurantsTests.mock.xcconfig"; sourceTree = "<group>"; };
		B786A928690B3A39BCA2CC6A /* Pods-CoolRestaurantsUITests.release.xcconfig */ = {isa = PBXFileReference; includeInIndex = 1; lastKnownFileType = text.xcconfig; name = "Pods-CoolRestaurantsUITests.release.xcconfig"; path = "Pods/Target Support Files/Pods-CoolRestaurantsUITests/Pods-CoolRestaurantsUITests.release.xcconfig"; sourceTree = "<group>"; };
		BF8647C6E53FB50F69E5D7B8 /* Pods-CoolRestaurants.debug.xcconfig */ = {isa = PBXFileReference; includeInIndex = 1; lastKnownFileType = text.xcconfig; name = "Pods-CoolRestaurants.debug.xcconfig"; path = "Pods/Target Support Files/Pods-CoolRestaurants/Pods-CoolRestaurants.debug.xcconfig"; sourceTree = "<group>"; };
/* End PBXFileReference section */

/* Begin PBXFrameworksBuildPhase section */
		2D8C3B2D22242A440077AD51 /* Frameworks */ = {
			isa = PBXFrameworksBuildPhase;
			buildActionMask = 2147483647;
			files = (
				9CCB36B5F03ADAF6201D169F /* Pods_CoolRestaurants.framework in Frameworks */,
			);
			runOnlyForDeploymentPostprocessing = 0;
		};
		2D8C3B4122242A460077AD51 /* Frameworks */ = {
			isa = PBXFrameworksBuildPhase;
			buildActionMask = 2147483647;
			files = (
				16636A2F390AFAB15FA013E8 /* Pods_CoolRestaurantsTests.framework in Frameworks */,
			);
			runOnlyForDeploymentPostprocessing = 0;
		};
		2D8C3B4C22242A460077AD51 /* Frameworks */ = {
			isa = PBXFrameworksBuildPhase;
			buildActionMask = 2147483647;
			files = (
				EED5EB84457D52D44FA10427 /* Pods_CoolRestaurantsUITests.framework in Frameworks */,
			);
			runOnlyForDeploymentPostprocessing = 0;
		};
/* End PBXFrameworksBuildPhase section */

/* Begin PBXGroup section */
		2D8C3B2722242A440077AD51 = {
			isa = PBXGroup;
			children = (
				2D8C3B3222242A440077AD51 /* CoolRestaurants */,
				2D8C3B4722242A460077AD51 /* CoolRestaurantsTests */,
				2D8C3B5222242A460077AD51 /* CoolRestaurantsUITests */,
				2D8C3B3122242A440077AD51 /* Products */,
				3E43183DF0EBFAA4C2584552 /* Pods */,
				C402B3E9B0486FDF72DF15EB /* Frameworks */,
			);
			sourceTree = "<group>";
		};
		2D8C3B3122242A440077AD51 /* Products */ = {
			isa = PBXGroup;
			children = (
				2D8C3B3022242A440077AD51 /* CoolRestaurants.app */,
				2D8C3B4422242A460077AD51 /* CoolRestaurantsTests.xctest */,
				2D8C3B4F22242A460077AD51 /* CoolRestaurantsUITests.xctest */,
			);
			name = Products;
			sourceTree = "<group>";
		};
		2D8C3B3222242A440077AD51 /* CoolRestaurants */ = {
			isa = PBXGroup;
			children = (
				2D8C3B3322242A440077AD51 /* AppDelegate.swift */,
				2D8C3B7F22242C870077AD51 /* UI */,
				2D8C3B8022242C8C0077AD51 /* Model */,
				2D8C3B8122242CBA0077AD51 /* Repositories */,
				2D8C3B8522242D050077AD51 /* Localizations */,
				2D8C3B8322242CCC0077AD51 /* Extensions */,
				2D8C3B8422242CE50077AD51 /* Resources */,
			);
			path = CoolRestaurants;
			sourceTree = "<group>";
		};
		2D8C3B4722242A460077AD51 /* CoolRestaurantsTests */ = {
			isa = PBXGroup;
			children = (
				2D8C3B4822242A460077AD51 /* RestaurantRepositoryTests.swift */,
				2D8C3B4A22242A460077AD51 /* Info.plist */,
			);
			path = CoolRestaurantsTests;
			sourceTree = "<group>";
		};
		2D8C3B5222242A460077AD51 /* CoolRestaurantsUITests */ = {
			isa = PBXGroup;
			children = (
				2D8C3B5322242A460077AD51 /* RestaurantsMapViewTest.swift */,
				2D8C3B5522242A460077AD51 /* Info.plist */,
			);
			path = CoolRestaurantsUITests;
			sourceTree = "<group>";
		};
		2D8C3B6322242B950077AD51 /* RestaurantsMap */ = {
			isa = PBXGroup;
			children = (
				2D8C3B6822242BA20077AD51 /* RestaurantsMapContracts.swift */,
				2D8C3B6722242BA20077AD51 /* RestaurantsMapCoordinator.swift */,
				2D8C3B6522242BA20077AD51 /* RestaurantsMapPresenter.swift */,
				2D8C3B6422242BA20077AD51 /* RestaurantsMapViewController.swift */,
				2D8C3B6622242BA20077AD51 /* RestaurantsMapViewController.xib */,
			);
			path = RestaurantsMap;
			sourceTree = "<group>";
		};
		2D8C3B7322242C350077AD51 /* RestaurantsDetail */ = {
			isa = PBXGroup;
			children = (
				2D8C3B7522242C350077AD51 /* RestaurantsDetailContracts.swift */,
				2D8C3B7622242C350077AD51 /* RestaurantsDetailCoordinator.swift */,
				2D8C3B7422242C350077AD51 /* RestaurantsDetailPresenter.swift */,
				2D8C3B7722242C350077AD51 /* RestaurantsDetailViewController.swift */,
				2D8C3B7822242C350077AD51 /* RestaurantsDetailViewController.xib */,
			);
			path = RestaurantsDetail;
			sourceTree = "<group>";
		};
		2D8C3B7E22242C440077AD51 /* Common */ = {
			isa = PBXGroup;
			children = (
				2D8C3B8622242DC30077AD51 /* BaseContract.swift */,
				2D8C3B8922242DC30077AD51 /* BaseCoordinator.swift */,
				2D8C3B8722242DC30077AD51 /* BasePresenter.swift */,
				2D8C3B8A22242DC30077AD51 /* BaseViewController.swift */,
				2D8C3B8822242DC30077AD51 /* Coordinator.swift */,
				2D8C3B9122242ED10077AD51 /* Protocols */,
			);
			path = Common;
			sourceTree = "<group>";
		};
		2D8C3B7F22242C870077AD51 /* UI */ = {
			isa = PBXGroup;
			children = (
				2D8C3B6322242B950077AD51 /* RestaurantsMap */,
				2D8C3B7322242C350077AD51 /* RestaurantsDetail */,
				2D8C3B9422242F2B0077AD51 /* Theme */,
				2D8C3B7E22242C440077AD51 /* Common */,
			);
			path = UI;
			sourceTree = "<group>";
		};
		2D8C3B8022242C8C0077AD51 /* Model */ = {
			isa = PBXGroup;
			children = (
				2D8C3BA0222437010077AD51 /* Restuarant.swift */,
			);
			path = Model;
			sourceTree = "<group>";
		};
		2D8C3B8122242CBA0077AD51 /* Repositories */ = {
			isa = PBXGroup;
			children = (
				2D8C3B97222435E70077AD51 /* RepositoryInjection.swift */,
				2D8C3B99222435E70077AD51 /* RestaurantRepository.swift */,
				2D566ACF2224E11700507912 /* LocationRepository.swift */,
				2D8C3B9E222436330077AD51 /* Implementations */,
				2D8C3B9D222436270077AD51 /* Mock Implementations */,
			);
			path = Repositories;
			sourceTree = "<group>";
		};
		2D8C3B8322242CCC0077AD51 /* Extensions */ = {
			isa = PBXGroup;
			children = (
				2D8C3BB1222444260077AD51 /* Bundle+Extensions.swift */,
				2D8C3BB2222444260077AD51 /* UIColor+Extensions.swift */,
				2D566AD32224F5CC00507912 /* MKCoordinateRegion+Extensions.swift */,
			);
			path = Extensions;
			sourceTree = "<group>";
		};
		2D8C3B8422242CE50077AD51 /* Resources */ = {
			isa = PBXGroup;
			children = (
				2D8C3B3F22242A450077AD51 /* Info.plist */,
				2D8C3B3C22242A450077AD51 /* LaunchScreen.storyboard */,
				2D8C3B3A22242A450077AD51 /* Assets.xcassets */,
			);
			path = Resources;
			sourceTree = "<group>";
		};
		2D8C3B8522242D050077AD51 /* Localizations */ = {
			isa = PBXGroup;
			children = (
				2D8C3BA8222440940077AD51 /* Localizable.swift */,
				2D8C3BAE2224417F0077AD51 /* Localizable.strings */,
			);
			path = Localizations;
			sourceTree = "<group>";
		};
		2D8C3B9122242ED10077AD51 /* Protocols */ = {
			isa = PBXGroup;
			children = (
				2D8C3B9222242EEA0077AD51 /* AvoidingKeyboardConstraintProtocol.swift */,
			);
			path = Protocols;
			sourceTree = "<group>";
		};
		2D8C3B9422242F2B0077AD51 /* Theme */ = {
			isa = PBXGroup;
			children = (
				2D8C3B9522242F370077AD51 /* Theme.swift */,
			);
			path = Theme;
			sourceTree = "<group>";
		};
		2D8C3B9D222436270077AD51 /* Mock Implementations */ = {
			isa = PBXGroup;
			children = (
				2D8C3B98222435E70077AD51 /* MockRestaurantRepositoryImplementation.swift */,
			);
			path = "Mock Implementations";
			sourceTree = "<group>";
		};
		2D8C3B9E222436330077AD51 /* Implementations */ = {
			isa = PBXGroup;
			children = (
				2D8C3BA222243A970077AD51 /* RestaurantRepositorryImplementation.swift */,
				2D566AD12224E19D00507912 /* LocationRepositoryImplementation.swift */,
			);
			path = Implementations;
			sourceTree = "<group>";
		};
		3E43183DF0EBFAA4C2584552 /* Pods */ = {
			isa = PBXGroup;
			children = (
				BF8647C6E53FB50F69E5D7B8 /* Pods-CoolRestaurants.debug.xcconfig */,
				5EF0F7CC92E0B238645C47F0 /* Pods-CoolRestaurants.release.xcconfig */,
				405CE8D90E1BED32026D71A9 /* Pods-CoolRestaurantsTests.debug.xcconfig */,
				980107C0252A5E4DD4ECF17E /* Pods-CoolRestaurantsTests.release.xcconfig */,
				AE42C5B1878C34D63AFD1DEC /* Pods-CoolRestaurantsUITests.debug.xcconfig */,
				B786A928690B3A39BCA2CC6A /* Pods-CoolRestaurantsUITests.release.xcconfig */,
				1649D5149B9D04348F46698F /* Pods-CoolRestaurants.mock.xcconfig */,
				AE4CF8232CAE862FAF885BC0 /* Pods-CoolRestaurantsTests.mock.xcconfig */,
				2CC1703018FC077004F98AB6 /* Pods-CoolRestaurantsUITests.mock.xcconfig */,
			);
			name = Pods;
			sourceTree = "<group>";
		};
		C402B3E9B0486FDF72DF15EB /* Frameworks */ = {
			isa = PBXGroup;
			children = (
				5BB3CC5ADBD2FCB6CBE7BAD7 /* Pods_CoolRestaurants.framework */,
				9F9F290A95CD51469AA0315A /* Pods_CoolRestaurantsTests.framework */,
				9CD195D6BB98305A8845F3EF /* Pods_CoolRestaurantsUITests.framework */,
			);
			name = Frameworks;
			sourceTree = "<group>";
		};
/* End PBXGroup section */

/* Begin PBXNativeTarget section */
		2D8C3B2F22242A440077AD51 /* CoolRestaurants */ = {
			isa = PBXNativeTarget;
			buildConfigurationList = 2D8C3B5822242A460077AD51 /* Build configuration list for PBXNativeTarget "CoolRestaurants" */;
			buildPhases = (
				F99F5DC253FBD904E440B824 /* [CP] Check Pods Manifest.lock */,
				2D8C3BB02224427A0077AD51 /* SwiftGen */,
				2D8C3BB5222446170077AD51 /* SwiftLint */,
				2D8C3B2C22242A440077AD51 /* Sources */,
				2D8C3B2D22242A440077AD51 /* Frameworks */,
				2D8C3B2E22242A440077AD51 /* Resources */,
				5C2C6AFA608F390D5437B2FC /* [CP] Embed Pods Frameworks */,
			);
			buildRules = (
			);
			dependencies = (
			);
			name = CoolRestaurants;
			productName = CoolRestaurants;
			productReference = 2D8C3B3022242A440077AD51 /* CoolRestaurants.app */;
			productType = "com.apple.product-type.application";
		};
		2D8C3B4322242A460077AD51 /* CoolRestaurantsTests */ = {
			isa = PBXNativeTarget;
			buildConfigurationList = 2D8C3B5B22242A460077AD51 /* Build configuration list for PBXNativeTarget "CoolRestaurantsTests" */;
			buildPhases = (
				617AB14F824F58CAF581E6DE /* [CP] Check Pods Manifest.lock */,
				2D8C3B4022242A460077AD51 /* Sources */,
				2D8C3B4122242A460077AD51 /* Frameworks */,
				2D8C3B4222242A460077AD51 /* Resources */,
			);
			buildRules = (
			);
			dependencies = (
				2D8C3B4622242A460077AD51 /* PBXTargetDependency */,
			);
			name = CoolRestaurantsTests;
			productName = CoolRestaurantsTests;
			productReference = 2D8C3B4422242A460077AD51 /* CoolRestaurantsTests.xctest */;
			productType = "com.apple.product-type.bundle.unit-test";
		};
		2D8C3B4E22242A460077AD51 /* CoolRestaurantsUITests */ = {
			isa = PBXNativeTarget;
			buildConfigurationList = 2D8C3B5E22242A460077AD51 /* Build configuration list for PBXNativeTarget "CoolRestaurantsUITests" */;
			buildPhases = (
				FCD8F756475CCACAD94CDBD7 /* [CP] Check Pods Manifest.lock */,
				2D8C3B4B22242A460077AD51 /* Sources */,
				2D8C3B4C22242A460077AD51 /* Frameworks */,
				2D8C3B4D22242A460077AD51 /* Resources */,
			);
			buildRules = (
			);
			dependencies = (
				2D8C3B5122242A460077AD51 /* PBXTargetDependency */,
			);
			name = CoolRestaurantsUITests;
			productName = CoolRestaurantsUITests;
			productReference = 2D8C3B4F22242A460077AD51 /* CoolRestaurantsUITests.xctest */;
			productType = "com.apple.product-type.bundle.ui-testing";
		};
/* End PBXNativeTarget section */

/* Begin PBXProject section */
		2D8C3B2822242A440077AD51 /* Project object */ = {
			isa = PBXProject;
			attributes = {
				LastSwiftUpdateCheck = 1010;
				LastUpgradeCheck = 1010;
				ORGANIZATIONNAME = "Sumeru Chatterjee";
				TargetAttributes = {
					2D8C3B2F22242A440077AD51 = {
						CreatedOnToolsVersion = 10.1;
					};
					2D8C3B4322242A460077AD51 = {
						CreatedOnToolsVersion = 10.1;
						TestTargetID = 2D8C3B2F22242A440077AD51;
					};
					2D8C3B4E22242A460077AD51 = {
						CreatedOnToolsVersion = 10.1;
						TestTargetID = 2D8C3B2F22242A440077AD51;
					};
				};
			};
			buildConfigurationList = 2D8C3B2B22242A440077AD51 /* Build configuration list for PBXProject "CoolRestaurants" */;
			compatibilityVersion = "Xcode 9.3";
			developmentRegion = en;
			hasScannedForEncodings = 0;
			knownRegions = (
				en,
				Base,
				nl,
			);
			mainGroup = 2D8C3B2722242A440077AD51;
			productRefGroup = 2D8C3B3122242A440077AD51 /* Products */;
			projectDirPath = "";
			projectRoot = "";
			targets = (
				2D8C3B2F22242A440077AD51 /* CoolRestaurants */,
				2D8C3B4322242A460077AD51 /* CoolRestaurantsTests */,
				2D8C3B4E22242A460077AD51 /* CoolRestaurantsUITests */,
			);
		};
/* End PBXProject section */

/* Begin PBXResourcesBuildPhase section */
		2D8C3B2E22242A440077AD51 /* Resources */ = {
			isa = PBXResourcesBuildPhase;
			buildActionMask = 2147483647;
			files = (
				2D8C3BAC2224417F0077AD51 /* Localizable.strings in Resources */,
				2D8C3B7D22242C350077AD51 /* RestaurantsDetailViewController.xib in Resources */,
				2D8C3B3E22242A450077AD51 /* LaunchScreen.storyboard in Resources */,
				2D8C3B3B22242A450077AD51 /* Assets.xcassets in Resources */,
				2D8C3B6B22242BA20077AD51 /* RestaurantsMapViewController.xib in Resources */,
			);
			runOnlyForDeploymentPostprocessing = 0;
		};
		2D8C3B4222242A460077AD51 /* Resources */ = {
			isa = PBXResourcesBuildPhase;
			buildActionMask = 2147483647;
			files = (
			);
			runOnlyForDeploymentPostprocessing = 0;
		};
		2D8C3B4D22242A460077AD51 /* Resources */ = {
			isa = PBXResourcesBuildPhase;
			buildActionMask = 2147483647;
			files = (
				2D8C3BBA222450D10077AD51 /* Localizable.strings in Resources */,
			);
			runOnlyForDeploymentPostprocessing = 0;
		};
/* End PBXResourcesBuildPhase section */

/* Begin PBXShellScriptBuildPhase section */
		2D8C3BB02224427A0077AD51 /* SwiftGen */ = {
			isa = PBXShellScriptBuildPhase;
			buildActionMask = 2147483647;
			files = (
			);
			inputFileListPaths = (
			);
			inputPaths = (
			);
			name = SwiftGen;
			outputFileListPaths = (
			);
			outputPaths = (
			);
			runOnlyForDeploymentPostprocessing = 0;
			shellPath = /bin/sh;
			shellScript = "./Pods/SwiftGen/bin/swiftgen strings -template \"structured-swift4\" --param \"enumName=Strings\" \"./CoolRestaurants/Localizations/en.lproj/Localizable.strings\" --output \"./CoolRestaurants/Localizations/Localizable.swift\"\n\n";
		};
		2D8C3BB5222446170077AD51 /* SwiftLint */ = {
			isa = PBXShellScriptBuildPhase;
			buildActionMask = 2147483647;
			files = (
			);
			inputFileListPaths = (
			);
			inputPaths = (
			);
			name = SwiftLint;
			outputFileListPaths = (
			);
			outputPaths = (
			);
			runOnlyForDeploymentPostprocessing = 0;
			shellPath = /bin/sh;
			shellScript = "if which ${PODS_ROOT}/SwiftLint/swiftlint >/dev/null; then\n    ${PODS_ROOT}/SwiftLint/swiftlint\nelse\n    echo \"warning: SwiftLint not installed, download from https://github.com/realm/SwiftLint\"\nfi\n";
		};
		5C2C6AFA608F390D5437B2FC /* [CP] Embed Pods Frameworks */ = {
			isa = PBXShellScriptBuildPhase;
			buildActionMask = 2147483647;
			files = (
			);
			inputFileListPaths = (
			);
			inputPaths = (
				"${SRCROOT}/Pods/Target Support Files/Pods-CoolRestaurants/Pods-CoolRestaurants-frameworks.sh",
				"${BUILT_PRODUCTS_DIR}/RxAtomic/RxAtomic.framework",
				"${BUILT_PRODUCTS_DIR}/RxSwift/RxSwift.framework",
				"${BUILT_PRODUCTS_DIR}/SDWebImage/SDWebImage.framework",
				"${BUILT_PRODUCTS_DIR}/SwiftLocation/SwiftLocation.framework",
				"${BUILT_PRODUCTS_DIR}/SwiftyJSON/SwiftyJSON.framework",
			);
			name = "[CP] Embed Pods Frameworks";
			outputFileListPaths = (
			);
			outputPaths = (
				"${TARGET_BUILD_DIR}/${FRAMEWORKS_FOLDER_PATH}/RxAtomic.framework",
				"${TARGET_BUILD_DIR}/${FRAMEWORKS_FOLDER_PATH}/RxSwift.framework",
				"${TARGET_BUILD_DIR}/${FRAMEWORKS_FOLDER_PATH}/SDWebImage.framework",
				"${TARGET_BUILD_DIR}/${FRAMEWORKS_FOLDER_PATH}/SwiftLocation.framework",
				"${TARGET_BUILD_DIR}/${FRAMEWORKS_FOLDER_PATH}/SwiftyJSON.framework",
			);
			runOnlyForDeploymentPostprocessing = 0;
			shellPath = /bin/sh;
			shellScript = "\"${SRCROOT}/Pods/Target Support Files/Pods-CoolRestaurants/Pods-CoolRestaurants-frameworks.sh\"\n";
			showEnvVarsInLog = 0;
		};
		617AB14F824F58CAF581E6DE /* [CP] Check Pods Manifest.lock */ = {
			isa = PBXShellScriptBuildPhase;
			buildActionMask = 2147483647;
			files = (
			);
			inputFileListPaths = (
			);
			inputPaths = (
				"${PODS_PODFILE_DIR_PATH}/Podfile.lock",
				"${PODS_ROOT}/Manifest.lock",
			);
			name = "[CP] Check Pods Manifest.lock";
			outputFileListPaths = (
			);
			outputPaths = (
				"$(DERIVED_FILE_DIR)/Pods-CoolRestaurantsTests-checkManifestLockResult.txt",
			);
			runOnlyForDeploymentPostprocessing = 0;
			shellPath = /bin/sh;
			shellScript = "diff \"${PODS_PODFILE_DIR_PATH}/Podfile.lock\" \"${PODS_ROOT}/Manifest.lock\" > /dev/null\nif [ $? != 0 ] ; then\n    # print error to STDERR\n    echo \"error: The sandbox is not in sync with the Podfile.lock. Run 'pod install' or update your CocoaPods installation.\" >&2\n    exit 1\nfi\n# This output is used by Xcode 'outputs' to avoid re-running this script phase.\necho \"SUCCESS\" > \"${SCRIPT_OUTPUT_FILE_0}\"\n";
			showEnvVarsInLog = 0;
		};
		F99F5DC253FBD904E440B824 /* [CP] Check Pods Manifest.lock */ = {
			isa = PBXShellScriptBuildPhase;
			buildActionMask = 2147483647;
			files = (
			);
			inputFileListPaths = (
			);
			inputPaths = (
				"${PODS_PODFILE_DIR_PATH}/Podfile.lock",
				"${PODS_ROOT}/Manifest.lock",
			);
			name = "[CP] Check Pods Manifest.lock";
			outputFileListPaths = (
			);
			outputPaths = (
				"$(DERIVED_FILE_DIR)/Pods-CoolRestaurants-checkManifestLockResult.txt",
			);
			runOnlyForDeploymentPostprocessing = 0;
			shellPath = /bin/sh;
			shellScript = "diff \"${PODS_PODFILE_DIR_PATH}/Podfile.lock\" \"${PODS_ROOT}/Manifest.lock\" > /dev/null\nif [ $? != 0 ] ; then\n    # print error to STDERR\n    echo \"error: The sandbox is not in sync with the Podfile.lock. Run 'pod install' or update your CocoaPods installation.\" >&2\n    exit 1\nfi\n# This output is used by Xcode 'outputs' to avoid re-running this script phase.\necho \"SUCCESS\" > \"${SCRIPT_OUTPUT_FILE_0}\"\n";
			showEnvVarsInLog = 0;
		};
		FCD8F756475CCACAD94CDBD7 /* [CP] Check Pods Manifest.lock */ = {
			isa = PBXShellScriptBuildPhase;
			buildActionMask = 2147483647;
			files = (
			);
			inputFileListPaths = (
			);
			inputPaths = (
				"${PODS_PODFILE_DIR_PATH}/Podfile.lock",
				"${PODS_ROOT}/Manifest.lock",
			);
			name = "[CP] Check Pods Manifest.lock";
			outputFileListPaths = (
			);
			outputPaths = (
				"$(DERIVED_FILE_DIR)/Pods-CoolRestaurantsUITests-checkManifestLockResult.txt",
			);
			runOnlyForDeploymentPostprocessing = 0;
			shellPath = /bin/sh;
			shellScript = "diff \"${PODS_PODFILE_DIR_PATH}/Podfile.lock\" \"${PODS_ROOT}/Manifest.lock\" > /dev/null\nif [ $? != 0 ] ; then\n    # print error to STDERR\n    echo \"error: The sandbox is not in sync with the Podfile.lock. Run 'pod install' or update your CocoaPods installation.\" >&2\n    exit 1\nfi\n# This output is used by Xcode 'outputs' to avoid re-running this script phase.\necho \"SUCCESS\" > \"${SCRIPT_OUTPUT_FILE_0}\"\n";
			showEnvVarsInLog = 0;
		};
/* End PBXShellScriptBuildPhase section */

/* Begin PBXSourcesBuildPhase section */
		2D8C3B2C22242A440077AD51 /* Sources */ = {
			isa = PBXSourcesBuildPhase;
			buildActionMask = 2147483647;
			files = (
				2D566AD22224E19D00507912 /* LocationRepositoryImplementation.swift in Sources */,
				2D8C3BB3222444260077AD51 /* Bundle+Extensions.swift in Sources */,
				2D8C3BA9222440940077AD51 /* Localizable.swift in Sources */,
				2D8C3BA1222437010077AD51 /* Restuarant.swift in Sources */,
				2D8C3B7C22242C350077AD51 /* RestaurantsDetailViewController.swift in Sources */,
				2D8C3B9A222435E80077AD51 /* RepositoryInjection.swift in Sources */,
				2D8C3B7922242C350077AD51 /* RestaurantsDetailPresenter.swift in Sources */,
				2D566AD42224F5CC00507912 /* MKCoordinateRegion+Extensions.swift in Sources */,
				2D566AD02224E11700507912 /* LocationRepository.swift in Sources */,
				2D8C3B8E22242DC30077AD51 /* BaseCoordinator.swift in Sources */,
				2D8C3B6922242BA20077AD51 /* RestaurantsMapViewController.swift in Sources */,
				2D8C3B6C22242BA20077AD51 /* RestaurantsMapCoordinator.swift in Sources */,
				2D8C3B8F22242DC30077AD51 /* BaseViewController.swift in Sources */,
				2D8C3B6D22242BA20077AD51 /* RestaurantsMapContracts.swift in Sources */,
				2D8C3B9C222435E80077AD51 /* RestaurantRepository.swift in Sources */,
				2D8C3B6A22242BA20077AD51 /* RestaurantsMapPresenter.swift in Sources */,
				2D8C3BA322243A970077AD51 /* RestaurantRepositorryImplementation.swift in Sources */,
				2D8C3B8B22242DC30077AD51 /* BaseContract.swift in Sources */,
				2D8C3B9622242F370077AD51 /* Theme.swift in Sources */,
				2D8C3B7B22242C350077AD51 /* RestaurantsDetailCoordinator.swift in Sources */,
				2D8C3B8D22242DC30077AD51 /* Coordinator.swift in Sources */,
				2D8C3B7A22242C350077AD51 /* RestaurantsDetailContracts.swift in Sources */,
				2D8C3BB4222444260077AD51 /* UIColor+Extensions.swift in Sources */,
				2D8C3B9322242EEA0077AD51 /* AvoidingKeyboardConstraintProtocol.swift in Sources */,
				2D8C3B3422242A440077AD51 /* AppDelegate.swift in Sources */,
				2D8C3B8C22242DC30077AD51 /* BasePresenter.swift in Sources */,
				2D8C3B9B222435E80077AD51 /* MockRestaurantRepositoryImplementation.swift in Sources */,
			);
			runOnlyForDeploymentPostprocessing = 0;
		};
		2D8C3B4022242A460077AD51 /* Sources */ = {
			isa = PBXSourcesBuildPhase;
			buildActionMask = 2147483647;
			files = (
				2D8C3B4922242A460077AD51 /* RestaurantRepositoryTests.swift in Sources */,
			);
			runOnlyForDeploymentPostprocessing = 0;
		};
		2D8C3B4B22242A460077AD51 /* Sources */ = {
			isa = PBXSourcesBuildPhase;
			buildActionMask = 2147483647;
			files = (
				2D8C3BB92224506F0077AD51 /* Localizable.swift in Sources */,
				2D8C3B5422242A460077AD51 /* RestaurantsMapViewTest.swift in Sources */,
			);
			runOnlyForDeploymentPostprocessing = 0;
		};
/* End PBXSourcesBuildPhase section */

/* Begin PBXTargetDependency section */
		2D8C3B4622242A460077AD51 /* PBXTargetDependency */ = {
			isa = PBXTargetDependency;
			target = 2D8C3B2F22242A440077AD51 /* CoolRestaurants */;
			targetProxy = 2D8C3B4522242A460077AD51 /* PBXContainerItemProxy */;
		};
		2D8C3B5122242A460077AD51 /* PBXTargetDependency */ = {
			isa = PBXTargetDependency;
			target = 2D8C3B2F22242A440077AD51 /* CoolRestaurants */;
			targetProxy = 2D8C3B5022242A460077AD51 /* PBXContainerItemProxy */;
		};
/* End PBXTargetDependency section */

/* Begin PBXVariantGroup section */
		2D8C3B3C22242A450077AD51 /* LaunchScreen.storyboard */ = {
			isa = PBXVariantGroup;
			children = (
				2D8C3B3D22242A450077AD51 /* Base */,
			);
			name = LaunchScreen.storyboard;
			sourceTree = "<group>";
		};
		2D8C3BAE2224417F0077AD51 /* Localizable.strings */ = {
			isa = PBXVariantGroup;
			children = (
				2D8C3BAD2224417F0077AD51 /* en */,
				2D8C3BAF222441940077AD51 /* nl */,
			);
			name = Localizable.strings;
			sourceTree = "<group>";
		};
/* End PBXVariantGroup section */

/* Begin XCBuildConfiguration section */
		2D8C3B5622242A460077AD51 /* Debug */ = {
			isa = XCBuildConfiguration;
			buildSettings = {
				ALWAYS_SEARCH_USER_PATHS = NO;
				CLANG_ANALYZER_LOCALIZABILITY_NONLOCALIZED = YES;
				CLANG_ANALYZER_NONNULL = YES;
				CLANG_ANALYZER_NUMBER_OBJECT_CONVERSION = YES_AGGRESSIVE;
				CLANG_CXX_LANGUAGE_STANDARD = "gnu++14";
				CLANG_CXX_LIBRARY = "libc++";
				CLANG_ENABLE_MODULES = YES;
				CLANG_ENABLE_OBJC_ARC = YES;
				CLANG_ENABLE_OBJC_WEAK = YES;
				CLANG_WARN_BLOCK_CAPTURE_AUTORELEASING = YES;
				CLANG_WARN_BOOL_CONVERSION = YES;
				CLANG_WARN_COMMA = YES;
				CLANG_WARN_CONSTANT_CONVERSION = YES;
				CLANG_WARN_DEPRECATED_OBJC_IMPLEMENTATIONS = YES;
				CLANG_WARN_DIRECT_OBJC_ISA_USAGE = YES_ERROR;
				CLANG_WARN_DOCUMENTATION_COMMENTS = YES;
				CLANG_WARN_EMPTY_BODY = YES;
				CLANG_WARN_ENUM_CONVERSION = YES;
				CLANG_WARN_INFINITE_RECURSION = YES;
				CLANG_WARN_INT_CONVERSION = YES;
				CLANG_WARN_NON_LITERAL_NULL_CONVERSION = YES;
				CLANG_WARN_OBJC_IMPLICIT_RETAIN_SELF = YES;
				CLANG_WARN_OBJC_LITERAL_CONVERSION = YES;
				CLANG_WARN_OBJC_ROOT_CLASS = YES_ERROR;
				CLANG_WARN_RANGE_LOOP_ANALYSIS = YES;
				CLANG_WARN_STRICT_PROTOTYPES = YES;
				CLANG_WARN_SUSPICIOUS_MOVE = YES;
				CLANG_WARN_UNGUARDED_AVAILABILITY = YES_AGGRESSIVE;
				CLANG_WARN_UNREACHABLE_CODE = YES;
				CLANG_WARN__DUPLICATE_METHOD_MATCH = YES;
				CODE_SIGN_IDENTITY = "iPhone Developer";
				COPY_PHASE_STRIP = NO;
				DEBUG_INFORMATION_FORMAT = dwarf;
				ENABLE_STRICT_OBJC_MSGSEND = YES;
				ENABLE_TESTABILITY = YES;
				GCC_C_LANGUAGE_STANDARD = gnu11;
				GCC_DYNAMIC_NO_PIC = NO;
				GCC_NO_COMMON_BLOCKS = YES;
				GCC_OPTIMIZATION_LEVEL = 0;
				GCC_PREPROCESSOR_DEFINITIONS = (
					"DEBUG=1",
					"$(inherited)",
				);
				GCC_WARN_64_TO_32_BIT_CONVERSION = YES;
				GCC_WARN_ABOUT_RETURN_TYPE = YES_ERROR;
				GCC_WARN_UNDECLARED_SELECTOR = YES;
				GCC_WARN_UNINITIALIZED_AUTOS = YES_AGGRESSIVE;
				GCC_WARN_UNUSED_FUNCTION = YES;
				GCC_WARN_UNUSED_VARIABLE = YES;
				IPHONEOS_DEPLOYMENT_TARGET = 12.1;
				MTL_ENABLE_DEBUG_INFO = INCLUDE_SOURCE;
				MTL_FAST_MATH = YES;
				ONLY_ACTIVE_ARCH = YES;
				SDKROOT = iphoneos;
				SWIFT_ACTIVE_COMPILATION_CONDITIONS = DEBUG;
				SWIFT_OPTIMIZATION_LEVEL = "-Onone";
			};
			name = Debug;
		};
		2D8C3B5722242A460077AD51 /* Release */ = {
			isa = XCBuildConfiguration;
			buildSettings = {
				ALWAYS_SEARCH_USER_PATHS = NO;
				CLANG_ANALYZER_LOCALIZABILITY_NONLOCALIZED = YES;
				CLANG_ANALYZER_NONNULL = YES;
				CLANG_ANALYZER_NUMBER_OBJECT_CONVERSION = YES_AGGRESSIVE;
				CLANG_CXX_LANGUAGE_STANDARD = "gnu++14";
				CLANG_CXX_LIBRARY = "libc++";
				CLANG_ENABLE_MODULES = YES;
				CLANG_ENABLE_OBJC_ARC = YES;
				CLANG_ENABLE_OBJC_WEAK = YES;
				CLANG_WARN_BLOCK_CAPTURE_AUTORELEASING = YES;
				CLANG_WARN_BOOL_CONVERSION = YES;
				CLANG_WARN_COMMA = YES;
				CLANG_WARN_CONSTANT_CONVERSION = YES;
				CLANG_WARN_DEPRECATED_OBJC_IMPLEMENTATIONS = YES;
				CLANG_WARN_DIRECT_OBJC_ISA_USAGE = YES_ERROR;
				CLANG_WARN_DOCUMENTATION_COMMENTS = YES;
				CLANG_WARN_EMPTY_BODY = YES;
				CLANG_WARN_ENUM_CONVERSION = YES;
				CLANG_WARN_INFINITE_RECURSION = YES;
				CLANG_WARN_INT_CONVERSION = YES;
				CLANG_WARN_NON_LITERAL_NULL_CONVERSION = YES;
				CLANG_WARN_OBJC_IMPLICIT_RETAIN_SELF = YES;
				CLANG_WARN_OBJC_LITERAL_CONVERSION = YES;
				CLANG_WARN_OBJC_ROOT_CLASS = YES_ERROR;
				CLANG_WARN_RANGE_LOOP_ANALYSIS = YES;
				CLANG_WARN_STRICT_PROTOTYPES = YES;
				CLANG_WARN_SUSPICIOUS_MOVE = YES;
				CLANG_WARN_UNGUARDED_AVAILABILITY = YES_AGGRESSIVE;
				CLANG_WARN_UNREACHABLE_CODE = YES;
				CLANG_WARN__DUPLICATE_METHOD_MATCH = YES;
				CODE_SIGN_IDENTITY = "iPhone Developer";
				COPY_PHASE_STRIP = NO;
				DEBUG_INFORMATION_FORMAT = "dwarf-with-dsym";
				ENABLE_NS_ASSERTIONS = NO;
				ENABLE_STRICT_OBJC_MSGSEND = YES;
				GCC_C_LANGUAGE_STANDARD = gnu11;
				GCC_NO_COMMON_BLOCKS = YES;
				GCC_WARN_64_TO_32_BIT_CONVERSION = YES;
				GCC_WARN_ABOUT_RETURN_TYPE = YES_ERROR;
				GCC_WARN_UNDECLARED_SELECTOR = YES;
				GCC_WARN_UNINITIALIZED_AUTOS = YES_AGGRESSIVE;
				GCC_WARN_UNUSED_FUNCTION = YES;
				GCC_WARN_UNUSED_VARIABLE = YES;
				IPHONEOS_DEPLOYMENT_TARGET = 12.1;
				MTL_ENABLE_DEBUG_INFO = NO;
				MTL_FAST_MATH = YES;
				SDKROOT = iphoneos;
				SWIFT_COMPILATION_MODE = wholemodule;
				SWIFT_OPTIMIZATION_LEVEL = "-O";
				VALIDATE_PRODUCT = YES;
			};
			name = Release;
		};
		2D8C3B5922242A460077AD51 /* Debug */ = {
			isa = XCBuildConfiguration;
			baseConfigurationReference = BF8647C6E53FB50F69E5D7B8 /* Pods-CoolRestaurants.debug.xcconfig */;
			buildSettings = {
				ASSETCATALOG_COMPILER_APPICON_NAME = AppIcon;
				CODE_SIGN_STYLE = Automatic;
				DEVELOPMENT_TEAM = WU43C8R8M3;
				INFOPLIST_FILE = CoolRestaurants/Resources/Info.plist;
				LD_RUNPATH_SEARCH_PATHS = (
					"$(inherited)",
					"@executable_path/Frameworks",
				);
				PRODUCT_BUNDLE_IDENTIFIER = com.sumeru.CoolRestaurants;
				PRODUCT_NAME = "$(TARGET_NAME)";
				SWIFT_VERSION = 4.2;
				TARGETED_DEVICE_FAMILY = "1,2";
			};
			name = Debug;
		};
		2D8C3B5A22242A460077AD51 /* Release */ = {
			isa = XCBuildConfiguration;
			baseConfigurationReference = 5EF0F7CC92E0B238645C47F0 /* Pods-CoolRestaurants.release.xcconfig */;
			buildSettings = {
				ASSETCATALOG_COMPILER_APPICON_NAME = AppIcon;
				CODE_SIGN_STYLE = Automatic;
				DEVELOPMENT_TEAM = WU43C8R8M3;
				INFOPLIST_FILE = CoolRestaurants/Resources/Info.plist;
				LD_RUNPATH_SEARCH_PATHS = (
					"$(inherited)",
					"@executable_path/Frameworks",
				);
				PRODUCT_BUNDLE_IDENTIFIER = com.sumeru.CoolRestaurants;
				PRODUCT_NAME = "$(TARGET_NAME)";
				SWIFT_VERSION = 4.2;
				TARGETED_DEVICE_FAMILY = "1,2";
			};
			name = Release;
		};
		2D8C3B5C22242A460077AD51 /* Debug */ = {
			isa = XCBuildConfiguration;
			baseConfigurationReference = 405CE8D90E1BED32026D71A9 /* Pods-CoolRestaurantsTests.debug.xcconfig */;
			buildSettings = {
				ALWAYS_EMBED_SWIFT_STANDARD_LIBRARIES = YES;
				BUNDLE_LOADER = "$(TEST_HOST)";
				CODE_SIGN_STYLE = Automatic;
				DEVELOPMENT_TEAM = WU43C8R8M3;
				INFOPLIST_FILE = CoolRestaurantsTests/Info.plist;
				LD_RUNPATH_SEARCH_PATHS = (
					"$(inherited)",
					"@executable_path/Frameworks",
					"@loader_path/Frameworks",
				);
				PRODUCT_BUNDLE_IDENTIFIER = com.sumeru.CoolRestaurantsTests;
				PRODUCT_NAME = "$(TARGET_NAME)";
				SWIFT_VERSION = 4.2;
				TARGETED_DEVICE_FAMILY = "1,2";
				TEST_HOST = "$(BUILT_PRODUCTS_DIR)/CoolRestaurants.app/CoolRestaurants";
			};
			name = Debug;
		};
		2D8C3B5D22242A460077AD51 /* Release */ = {
			isa = XCBuildConfiguration;
			baseConfigurationReference = 980107C0252A5E4DD4ECF17E /* Pods-CoolRestaurantsTests.release.xcconfig */;
			buildSettings = {
				ALWAYS_EMBED_SWIFT_STANDARD_LIBRARIES = YES;
				BUNDLE_LOADER = "$(TEST_HOST)";
				CODE_SIGN_STYLE = Automatic;
				DEVELOPMENT_TEAM = WU43C8R8M3;
				INFOPLIST_FILE = CoolRestaurantsTests/Info.plist;
				LD_RUNPATH_SEARCH_PATHS = (
					"$(inherited)",
					"@executable_path/Frameworks",
					"@loader_path/Frameworks",
				);
				PRODUCT_BUNDLE_IDENTIFIER = com.sumeru.CoolRestaurantsTests;
				PRODUCT_NAME = "$(TARGET_NAME)";
				SWIFT_VERSION = 4.2;
				TARGETED_DEVICE_FAMILY = "1,2";
				TEST_HOST = "$(BUILT_PRODUCTS_DIR)/CoolRestaurants.app/CoolRestaurants";
			};
			name = Release;
		};
		2D8C3B5F22242A460077AD51 /* Debug */ = {
			isa = XCBuildConfiguration;
			baseConfigurationReference = AE42C5B1878C34D63AFD1DEC /* Pods-CoolRestaurantsUITests.debug.xcconfig */;
			buildSettings = {
				ALWAYS_EMBED_SWIFT_STANDARD_LIBRARIES = YES;
				CODE_SIGN_STYLE = Automatic;
				DEVELOPMENT_TEAM = WU43C8R8M3;
				INFOPLIST_FILE = CoolRestaurantsUITests/Info.plist;
				LD_RUNPATH_SEARCH_PATHS = (
					"$(inherited)",
					"@executable_path/Frameworks",
					"@loader_path/Frameworks",
				);
				PRODUCT_BUNDLE_IDENTIFIER = com.sumeru.CoolRestaurantsUITests;
				PRODUCT_NAME = "$(TARGET_NAME)";
				SWIFT_VERSION = 4.2;
				TARGETED_DEVICE_FAMILY = "1,2";
				TEST_TARGET_NAME = CoolRestaurants;
			};
			name = Debug;
		};
		2D8C3B6022242A460077AD51 /* Release */ = {
			isa = XCBuildConfiguration;
			baseConfigurationReference = B786A928690B3A39BCA2CC6A /* Pods-CoolRestaurantsUITests.release.xcconfig */;
			buildSettings = {
				ALWAYS_EMBED_SWIFT_STANDARD_LIBRARIES = YES;
				CODE_SIGN_STYLE = Automatic;
				DEVELOPMENT_TEAM = WU43C8R8M3;
				INFOPLIST_FILE = CoolRestaurantsUITests/Info.plist;
				LD_RUNPATH_SEARCH_PATHS = (
					"$(inherited)",
					"@executable_path/Frameworks",
					"@loader_path/Frameworks",
				);
				PRODUCT_BUNDLE_IDENTIFIER = com.sumeru.CoolRestaurantsUITests;
				PRODUCT_NAME = "$(TARGET_NAME)";
				SWIFT_VERSION = 4.2;
				TARGETED_DEVICE_FAMILY = "1,2";
				TEST_TARGET_NAME = CoolRestaurants;
			};
			name = Release;
		};
		2D8C3BA422243DBD0077AD51 /* Mock */ = {
			isa = XCBuildConfiguration;
			buildSettings = {
				ALWAYS_SEARCH_USER_PATHS = NO;
				CLANG_ANALYZER_LOCALIZABILITY_NONLOCALIZED = YES;
				CLANG_ANALYZER_NONNULL = YES;
				CLANG_ANALYZER_NUMBER_OBJECT_CONVERSION = YES_AGGRESSIVE;
				CLANG_CXX_LANGUAGE_STANDARD = "gnu++14";
				CLANG_CXX_LIBRARY = "libc++";
				CLANG_ENABLE_MODULES = YES;
				CLANG_ENABLE_OBJC_ARC = YES;
				CLANG_ENABLE_OBJC_WEAK = YES;
				CLANG_WARN_BLOCK_CAPTURE_AUTORELEASING = YES;
				CLANG_WARN_BOOL_CONVERSION = YES;
				CLANG_WARN_COMMA = YES;
				CLANG_WARN_CONSTANT_CONVERSION = YES;
				CLANG_WARN_DEPRECATED_OBJC_IMPLEMENTATIONS = YES;
				CLANG_WARN_DIRECT_OBJC_ISA_USAGE = YES_ERROR;
				CLANG_WARN_DOCUMENTATION_COMMENTS = YES;
				CLANG_WARN_EMPTY_BODY = YES;
				CLANG_WARN_ENUM_CONVERSION = YES;
				CLANG_WARN_INFINITE_RECURSION = YES;
				CLANG_WARN_INT_CONVERSION = YES;
				CLANG_WARN_NON_LITERAL_NULL_CONVERSION = YES;
				CLANG_WARN_OBJC_IMPLICIT_RETAIN_SELF = YES;
				CLANG_WARN_OBJC_LITERAL_CONVERSION = YES;
				CLANG_WARN_OBJC_ROOT_CLASS = YES_ERROR;
				CLANG_WARN_RANGE_LOOP_ANALYSIS = YES;
				CLANG_WARN_STRICT_PROTOTYPES = YES;
				CLANG_WARN_SUSPICIOUS_MOVE = YES;
				CLANG_WARN_UNGUARDED_AVAILABILITY = YES_AGGRESSIVE;
				CLANG_WARN_UNREACHABLE_CODE = YES;
				CLANG_WARN__DUPLICATE_METHOD_MATCH = YES;
				CODE_SIGN_IDENTITY = "iPhone Developer";
				COPY_PHASE_STRIP = NO;
				DEBUG_INFORMATION_FORMAT = dwarf;
				ENABLE_STRICT_OBJC_MSGSEND = YES;
				ENABLE_TESTABILITY = YES;
				GCC_C_LANGUAGE_STANDARD = gnu11;
				GCC_DYNAMIC_NO_PIC = NO;
				GCC_NO_COMMON_BLOCKS = YES;
				GCC_OPTIMIZATION_LEVEL = 0;
				GCC_PREPROCESSOR_DEFINITIONS = (
					"DEBUG=1",
					"$(inherited)",
				);
				GCC_WARN_64_TO_32_BIT_CONVERSION = YES;
				GCC_WARN_ABOUT_RETURN_TYPE = YES_ERROR;
				GCC_WARN_UNDECLARED_SELECTOR = YES;
				GCC_WARN_UNINITIALIZED_AUTOS = YES_AGGRESSIVE;
				GCC_WARN_UNUSED_FUNCTION = YES;
				GCC_WARN_UNUSED_VARIABLE = YES;
				IPHONEOS_DEPLOYMENT_TARGET = 12.1;
				MTL_ENABLE_DEBUG_INFO = INCLUDE_SOURCE;
				MTL_FAST_MATH = YES;
				ONLY_ACTIVE_ARCH = YES;
				SDKROOT = iphoneos;
				SWIFT_ACTIVE_COMPILATION_CONDITIONS = DEBUG;
				SWIFT_OPTIMIZATION_LEVEL = "-Onone";
			};
			name = Mock;
		};
		2D8C3BA522243DBD0077AD51 /* Mock */ = {
			isa = XCBuildConfiguration;
			baseConfigurationReference = 1649D5149B9D04348F46698F /* Pods-CoolRestaurants.mock.xcconfig */;
			buildSettings = {
				ASSETCATALOG_COMPILER_APPICON_NAME = AppIcon;
				CODE_SIGN_STYLE = Automatic;
				DEVELOPMENT_TEAM = WU43C8R8M3;
				INFOPLIST_FILE = CoolRestaurants/Resources/Info.plist;
				LD_RUNPATH_SEARCH_PATHS = (
					"$(inherited)",
					"@executable_path/Frameworks",
				);
				PRODUCT_BUNDLE_IDENTIFIER = com.sumeru.CoolRestaurants;
				PRODUCT_NAME = "$(TARGET_NAME)";
				SWIFT_ACTIVE_COMPILATION_CONDITIONS = "DEBUG MOCK";
				SWIFT_VERSION = 4.2;
				TARGETED_DEVICE_FAMILY = "1,2";
			};
			name = Mock;
		};
		2D8C3BA622243DBD0077AD51 /* Mock */ = {
			isa = XCBuildConfiguration;
			baseConfigurationReference = AE4CF8232CAE862FAF885BC0 /* Pods-CoolRestaurantsTests.mock.xcconfig */;
			buildSettings = {
				ALWAYS_EMBED_SWIFT_STANDARD_LIBRARIES = YES;
				BUNDLE_LOADER = "$(TEST_HOST)";
				CODE_SIGN_STYLE = Automatic;
				DEVELOPMENT_TEAM = WU43C8R8M3;
				INFOPLIST_FILE = CoolRestaurantsTests/Info.plist;
				LD_RUNPATH_SEARCH_PATHS = (
					"$(inherited)",
					"@executable_path/Frameworks",
					"@loader_path/Frameworks",
				);
				PRODUCT_BUNDLE_IDENTIFIER = com.sumeru.CoolRestaurantsTests;
				PRODUCT_NAME = "$(TARGET_NAME)";
				SWIFT_VERSION = 4.2;
				TARGETED_DEVICE_FAMILY = "1,2";
				TEST_HOST = "$(BUILT_PRODUCTS_DIR)/CoolRestaurants.app/CoolRestaurants";
			};
			name = Mock;
		};
		2D8C3BA722243DBD0077AD51 /* Mock */ = {
			isa = XCBuildConfiguration;
			baseConfigurationReference = 2CC1703018FC077004F98AB6 /* Pods-CoolRestaurantsUITests.mock.xcconfig */;
			buildSettings = {
				ALWAYS_EMBED_SWIFT_STANDARD_LIBRARIES = YES;
				CODE_SIGN_STYLE = Automatic;
				DEVELOPMENT_TEAM = WU43C8R8M3;
				INFOPLIST_FILE = CoolRestaurantsUITests/Info.plist;
				LD_RUNPATH_SEARCH_PATHS = (
					"$(inherited)",
					"@executable_path/Frameworks",
					"@loader_path/Frameworks",
				);
				PRODUCT_BUNDLE_IDENTIFIER = com.sumeru.CoolRestaurantsUITests;
				PRODUCT_NAME = "$(TARGET_NAME)";
				SWIFT_VERSION = 4.2;
				TARGETED_DEVICE_FAMILY = "1,2";
				TEST_TARGET_NAME = CoolRestaurants;
			};
			name = Mock;
		};
/* End XCBuildConfiguration section */

/* Begin XCConfigurationList section */
		2D8C3B2B22242A440077AD51 /* Build configuration list for PBXProject "CoolRestaurants" */ = {
			isa = XCConfigurationList;
			buildConfigurations = (
				2D8C3B5622242A460077AD51 /* Debug */,
				2D8C3BA422243DBD0077AD51 /* Mock */,
				2D8C3B5722242A460077AD51 /* Release */,
			);
			defaultConfigurationIsVisible = 0;
			defaultConfigurationName = Release;
		};
		2D8C3B5822242A460077AD51 /* Build configuration list for PBXNativeTarget "CoolRestaurants" */ = {
			isa = XCConfigurationList;
			buildConfigurations = (
				2D8C3B5922242A460077AD51 /* Debug */,
				2D8C3BA522243DBD0077AD51 /* Mock */,
				2D8C3B5A22242A460077AD51 /* Release */,
			);
			defaultConfigurationIsVisible = 0;
			defaultConfigurationName = Release;
		};
		2D8C3B5B22242A460077AD51 /* Build configuration list for PBXNativeTarget "CoolRestaurantsTests" */ = {
			isa = XCConfigurationList;
			buildConfigurations = (
				2D8C3B5C22242A460077AD51 /* Debug */,
				2D8C3BA622243DBD0077AD51 /* Mock */,
				2D8C3B5D22242A460077AD51 /* Release */,
			);
			defaultConfigurationIsVisible = 0;
			defaultConfigurationName = Release;
		};
		2D8C3B5E22242A460077AD51 /* Build configuration list for PBXNativeTarget "CoolRestaurantsUITests" */ = {
			isa = XCConfigurationList;
			buildConfigurations = (
				2D8C3B5F22242A460077AD51 /* Debug */,
				2D8C3BA722243DBD0077AD51 /* Mock */,
				2D8C3B6022242A460077AD51 /* Release */,
			);
			defaultConfigurationIsVisible = 0;
			defaultConfigurationName = Release;
		};
/* End XCConfigurationList section */
	};
	rootObject = 2D8C3B2822242A440077AD51 /* Project object */;
}
